
Microsoft Visual Studio Solution File, Format Version 12.00
# Visual Studio 15
VisualStudioVersion = 15.0.28307.271
MinimumVisualStudioVersion = 10.0.40219.1
Project("{9A19103F-16F7-4668-BE54-9A1E7A4F7556}") = "Domain", "Domain\Domain.csproj", "{1BEA1687-325C-425E-AF7C-42A843ED7840}"
EndProject
Project("{9A19103F-16F7-4668-BE54-9A1E7A4F7556}") = "Services", "Services\Services.csproj", "{3C769A9E-A50D-40AE-9676-EB843A73904D}"
EndProject
Project("{9A19103F-16F7-4668-BE54-9A1E7A4F7556}") = "DataAccess", "DataAccess\DataAccess.csproj", "{F327C31F-422D-446B-B806-ECA7299397D8}"
EndProject
Project("{9A19103F-16F7-4668-BE54-9A1E7A4F7556}") = "Infrastructure", "Infrastructure\Infrastructure.csproj", "{FDEB8216-08D8-4338-AC9D-B8C51C08FB9C}"
EndProject
Project("{FAE04EC0-301F-11D3-BF4B-00C04F79EFBC}") = "Web", "Web\Web.csproj", "{8BDF3E96-BD8B-4F89-B2F9-D7CE19D0387C}"
EndProject
Global
	GlobalSection(SolutionConfigurationPlatforms) = preSolution
		Debug|Any CPU = Debug|Any CPU
		Release|Any CPU = Release|Any CPU
	EndGlobalSection
	GlobalSection(ProjectConfigurationPlatforms) = postSolution
		{1BEA1687-325C-425E-AF7C-42A843ED7840}.Debug|Any CPU.ActiveCfg = Debug|Any CPU
		{1BEA1687-325C-425E-AF7C-42A843ED7840}.Debug|Any CPU.Build.0 = Debug|Any CPU
		{1BEA1687-325C-425E-AF7C-42A843ED7840}.Release|Any CPU.ActiveCfg = Release|Any CPU
		{1BEA1687-325C-425E-AF7C-42A843ED7840}.Release|Any CPU.Build.0 = Release|Any CPU
		{3C769A9E-A50D-40AE-9676-EB843A73904D}.Debug|Any CPU.ActiveCfg = Debug|Any CPU
		{3C769A9E-A50D-40AE-9676-EB843A73904D}.Debug|Any CPU.Build.0 = Debug|Any CPU
		{3C769A9E-A50D-40AE-9676-EB843A73904D}.Release|Any CPU.ActiveCfg = Release|Any CPU
		{3C769A9E-A50D-40AE-9676-EB843A73904D}.Release|Any CPU.Build.0 = Release|Any CPU
		{F327C31F-422D-446B-B806-ECA7299397D8}.Debug|Any CPU.ActiveCfg = Debug|Any CPU
		{F327C31F-422D-446B-B806-ECA7299397D8}.Debug|Any CPU.Build.0 = Debug|Any CPU
		{F327C31F-422D-446B-B806-ECA7299397D8}.Release|Any CPU.ActiveCfg = Release|Any CPU
		{F327C31F-422D-446B-B806-ECA7299397D8}.Release|Any CPU.Build.0 = Release|Any CPU
		{FDEB8216-08D8-4338-AC9D-B8C51C08FB9C}.Debug|Any CPU.ActiveCfg = Debug|Any CPU
		{FDEB8216-08D8-4338-AC9D-B8C51C08FB9C}.Debug|Any CPU.Build.0 = Debug|Any CPU
		{FDEB8216-08D8-4338-AC9D-B8C51C08FB9C}.Release|Any CPU.ActiveCfg = Release|Any CPU
		{FDEB8216-08D8-4338-AC9D-B8C51C08FB9C}.Release|Any CPU.Build.0 = Release|Any CPU
		{8BDF3E96-BD8B-4F89-B2F9-D7CE19D0387C}.Debug|Any CPU.ActiveCfg = Debug|Any CPU
		{8BDF3E96-BD8B-4F89-B2F9-D7CE19D0387C}.Debug|Any CPU.Build.0 = Debug|Any CPU
		{8BDF3E96-BD8B-4F89-B2F9-D7CE19D0387C}.Release|Any CPU.ActiveCfg = Release|Any CPU
		{8BDF3E96-BD8B-4F89-B2F9-D7CE19D0387C}.Release|Any CPU.Build.0 = Release|Any CPU
	EndGlobalSection
	GlobalSection(SolutionProperties) = preSolution
		HideSolutionNode = FALSE
	EndGlobalSection
	GlobalSection(ExtensibilityGlobals) = postSolution
		SolutionGuid = {569E325E-8C9D-49D3-9E88-ED8DDD9C9411}
	EndGlobalSection
EndGlobal
